// !$*UTF8*$!
{
	archiveVersion = 1;
	classes = {
	};
	objectVersion = 51;
	objects = {

/* Begin PBXBuildFile section */
		0ECBB03F59698C4733725B95 /* Pods_PuzzleAppReduxTests.framework in Frameworks */ = {isa = PBXBuildFile; fileRef = 4E630433712BCE53A2199085 /* Pods_PuzzleAppReduxTests.framework */; };
		40A0EB832B5C14A0A232BB24 /* Pods_PuzzleAppReduxUITests.framework in Frameworks */ = {isa = PBXBuildFile; fileRef = C5AE1C952D2075553BF17FEC /* Pods_PuzzleAppReduxUITests.framework */; };
		6F301CFB22E0F031007E19A5 /* SettingsController.swift in Sources */ = {isa = PBXBuildFile; fileRef = 6F301CFA22E0F031007E19A5 /* SettingsController.swift */; };
		6F301CFE22E0F09F007E19A5 /* AppState.swift in Sources */ = {isa = PBXBuildFile; fileRef = 6F301CFD22E0F09F007E19A5 /* AppState.swift */; };
		6F301D0222E0F0BE007E19A5 /* AppStore.swift in Sources */ = {isa = PBXBuildFile; fileRef = 6F301D0122E0F0BE007E19A5 /* AppStore.swift */; };
		6F301D0422E0F13B007E19A5 /* AppReducer.swift in Sources */ = {isa = PBXBuildFile; fileRef = 6F301D0322E0F13B007E19A5 /* AppReducer.swift */; };
		6F301D0722E0F278007E19A5 /* SettingState.swift in Sources */ = {isa = PBXBuildFile; fileRef = 6F301D0622E0F278007E19A5 /* SettingState.swift */; };
		6F301D0922E0F2E1007E19A5 /* SettingsReducer.swift in Sources */ = {isa = PBXBuildFile; fileRef = 6F301D0822E0F2E1007E19A5 /* SettingsReducer.swift */; };
		6F301D0B22E0F48D007E19A5 /* SettingsAction.swift in Sources */ = {isa = PBXBuildFile; fileRef = 6F301D0A22E0F48D007E19A5 /* SettingsAction.swift */; };
		6F301D0E22E0F662007E19A5 /* StartController.swift in Sources */ = {isa = PBXBuildFile; fileRef = 6F301D0D22E0F662007E19A5 /* StartController.swift */; };
		6F59D37522E0EF1600BFBF88 /* AppDelegate.swift in Sources */ = {isa = PBXBuildFile; fileRef = 6F59D37422E0EF1600BFBF88 /* AppDelegate.swift */; };
		6F59D37C22E0EF1700BFBF88 /* Assets.xcassets in Resources */ = {isa = PBXBuildFile; fileRef = 6F59D37B22E0EF1700BFBF88 /* Assets.xcassets */; };
		6F59D37F22E0EF1700BFBF88 /* LaunchScreen.storyboard in Resources */ = {isa = PBXBuildFile; fileRef = 6F59D37D22E0EF1700BFBF88 /* LaunchScreen.storyboard */; };
		6F59D38A22E0EF1700BFBF88 /* PuzzleAppReduxTests.swift in Sources */ = {isa = PBXBuildFile; fileRef = 6F59D38922E0EF1700BFBF88 /* PuzzleAppReduxTests.swift */; };
		6F59D39522E0EF1700BFBF88 /* PuzzleAppReduxUITests.swift in Sources */ = {isa = PBXBuildFile; fileRef = 6F59D39422E0EF1700BFBF88 /* PuzzleAppReduxUITests.swift */; };
		6FCDE04B22E2FBB500321BEE /* PuzzleController.swift in Sources */ = {isa = PBXBuildFile; fileRef = 6FCDE04A22E2FBB500321BEE /* PuzzleController.swift */; };
		6FCDE04D22E2FBFB00321BEE /* PuzzleMap.swift in Sources */ = {isa = PBXBuildFile; fileRef = 6FCDE04C22E2FBFB00321BEE /* PuzzleMap.swift */; };
		6FCDE05022E306B800321BEE /* ArrayExtension.swift in Sources */ = {isa = PBXBuildFile; fileRef = 6FCDE04F22E306B800321BEE /* ArrayExtension.swift */; };
		FE617A2F286E6AEEC53DCA41 /* Pods_PuzzleAppRedux.framework in Frameworks */ = {isa = PBXBuildFile; fileRef = 80B0874BE7859967C3999C62 /* Pods_PuzzleAppRedux.framework */; };
/* End PBXBuildFile section */

/* Begin PBXContainerItemProxy section */
		6F59D38622E0EF1700BFBF88 /* PBXContainerItemProxy */ = {
			isa = PBXContainerItemProxy;
			containerPortal = 6F59D36922E0EF1600BFBF88 /* Project object */;
			proxyType = 1;
			remoteGlobalIDString = 6F59D37022E0EF1600BFBF88;
			remoteInfo = PuzzleAppRedux;
		};
		6F59D39122E0EF1700BFBF88 /* PBXContainerItemProxy */ = {
			isa = PBXContainerItemProxy;
			containerPortal = 6F59D36922E0EF1600BFBF88 /* Project object */;
			proxyType = 1;
			remoteGlobalIDString = 6F59D37022E0EF1600BFBF88;
			remoteInfo = PuzzleAppRedux;
		};
/* End PBXContainerItemProxy section */

/* Begin PBXFileReference section */
		143B073E012F06AFE4AD9728 /* Pods-PuzzleAppReduxTests.release.xcconfig */ = {isa = PBXFileReference; includeInIndex = 1; lastKnownFileType = text.xcconfig; name = "Pods-PuzzleAppReduxTests.release.xcconfig"; path = "Target Support Files/Pods-PuzzleAppReduxTests/Pods-PuzzleAppReduxTests.release.xcconfig"; sourceTree = "<group>"; };
		4E630433712BCE53A2199085 /* Pods_PuzzleAppReduxTests.framework */ = {isa = PBXFileReference; explicitFileType = wrapper.framework; includeInIndex = 0; path = Pods_PuzzleAppReduxTests.framework; sourceTree = BUILT_PRODUCTS_DIR; };
		6B6D6F8D01354126F0D7E794 /* Pods-PuzzleAppReduxUITests.release.xcconfig */ = {isa = PBXFileReference; includeInIndex = 1; lastKnownFileType = text.xcconfig; name = "Pods-PuzzleAppReduxUITests.release.xcconfig"; path = "Target Support Files/Pods-PuzzleAppReduxUITests/Pods-PuzzleAppReduxUITests.release.xcconfig"; sourceTree = "<group>"; };
		6F301CFA22E0F031007E19A5 /* SettingsController.swift */ = {isa = PBXFileReference; lastKnownFileType = sourcecode.swift; path = SettingsController.swift; sourceTree = "<group>"; };
		6F301CFD22E0F09F007E19A5 /* AppState.swift */ = {isa = PBXFileReference; lastKnownFileType = sourcecode.swift; path = AppState.swift; sourceTree = "<group>"; };
		6F301D0122E0F0BE007E19A5 /* AppStore.swift */ = {isa = PBXFileReference; lastKnownFileType = sourcecode.swift; path = AppStore.swift; sourceTree = "<group>"; };
		6F301D0322E0F13B007E19A5 /* AppReducer.swift */ = {isa = PBXFileReference; lastKnownFileType = sourcecode.swift; path = AppReducer.swift; sourceTree = "<group>"; };
		6F301D0622E0F278007E19A5 /* SettingState.swift */ = {isa = PBXFileReference; lastKnownFileType = sourcecode.swift; path = SettingState.swift; sourceTree = "<group>"; };
		6F301D0822E0F2E1007E19A5 /* SettingsReducer.swift */ = {isa = PBXFileReference; lastKnownFileType = sourcecode.swift; path = SettingsReducer.swift; sourceTree = "<group>"; };
		6F301D0A22E0F48D007E19A5 /* SettingsAction.swift */ = {isa = PBXFileReference; lastKnownFileType = sourcecode.swift; path = SettingsAction.swift; sourceTree = "<group>"; };
		6F301D0D22E0F662007E19A5 /* StartController.swift */ = {isa = PBXFileReference; lastKnownFileType = sourcecode.swift; path = StartController.swift; sourceTree = "<group>"; };
		6F59D37122E0EF1600BFBF88 /* PuzzleAppRedux.app */ = {isa = PBXFileReference; explicitFileType = wrapper.application; includeInIndex = 0; path = PuzzleAppRedux.app; sourceTree = BUILT_PRODUCTS_DIR; };
		6F59D37422E0EF1600BFBF88 /* AppDelegate.swift */ = {isa = PBXFileReference; lastKnownFileType = sourcecode.swift; path = AppDelegate.swift; sourceTree = "<group>"; };
		6F59D37B22E0EF1700BFBF88 /* Assets.xcassets */ = {isa = PBXFileReference; lastKnownFileType = folder.assetcatalog; path = Assets.xcassets; sourceTree = "<group>"; };
		6F59D37E22E0EF1700BFBF88 /* Base */ = {isa = PBXFileReference; lastKnownFileType = file.storyboard; name = Base; path = Base.lproj/LaunchScreen.storyboard; sourceTree = "<group>"; };
		6F59D38022E0EF1700BFBF88 /* Info.plist */ = {isa = PBXFileReference; lastKnownFileType = text.plist.xml; path = Info.plist; sourceTree = "<group>"; };
		6F59D38522E0EF1700BFBF88 /* PuzzleAppReduxTests.xctest */ = {isa = PBXFileReference; explicitFileType = wrapper.cfbundle; includeInIndex = 0; path = PuzzleAppReduxTests.xctest; sourceTree = BUILT_PRODUCTS_DIR; };
		6F59D38922E0EF1700BFBF88 /* PuzzleAppReduxTests.swift */ = {isa = PBXFileReference; lastKnownFileType = sourcecode.swift; path = PuzzleAppReduxTests.swift; sourceTree = "<group>"; };
		6F59D38B22E0EF1700BFBF88 /* Info.plist */ = {isa = PBXFileReference; lastKnownFileType = text.plist.xml; path = Info.plist; sourceTree = "<group>"; };
		6F59D39022E0EF1700BFBF88 /* PuzzleAppReduxUITests.xctest */ = {isa = PBXFileReference; explicitFileType = wrapper.cfbundle; includeInIndex = 0; path = PuzzleAppReduxUITests.xctest; sourceTree = BUILT_PRODUCTS_DIR; };
		6F59D39422E0EF1700BFBF88 /* PuzzleAppReduxUITests.swift */ = {isa = PBXFileReference; lastKnownFileType = sourcecode.swift; path = PuzzleAppReduxUITests.swift; sourceTree = "<group>"; };
		6F59D39622E0EF1800BFBF88 /* Info.plist */ = {isa = PBXFileReference; lastKnownFileType = text.plist.xml; path = Info.plist; sourceTree = "<group>"; };
		6FCDE04A22E2FBB500321BEE /* PuzzleController.swift */ = {isa = PBXFileReference; lastKnownFileType = sourcecode.swift; path = PuzzleController.swift; sourceTree = "<group>"; };
		6FCDE04C22E2FBFB00321BEE /* PuzzleMap.swift */ = {isa = PBXFileReference; lastKnownFileType = sourcecode.swift; path = PuzzleMap.swift; sourceTree = "<group>"; };
		6FCDE04F22E306B800321BEE /* ArrayExtension.swift */ = {isa = PBXFileReference; lastKnownFileType = sourcecode.swift; path = ArrayExtension.swift; sourceTree = "<group>"; };
		7D845AA954D568E7157579B5 /* Pods-PuzzleAppReduxTests.debug.xcconfig */ = {isa = PBXFileReference; includeInIndex = 1; lastKnownFileType = text.xcconfig; name = "Pods-PuzzleAppReduxTests.debug.xcconfig"; path = "Target Support Files/Pods-PuzzleAppReduxTests/Pods-PuzzleAppReduxTests.debug.xcconfig"; sourceTree = "<group>"; };
		80B0874BE7859967C3999C62 /* Pods_PuzzleAppRedux.framework */ = {isa = PBXFileReference; explicitFileType = wrapper.framework; includeInIndex = 0; path = Pods_PuzzleAppRedux.framework; sourceTree = BUILT_PRODUCTS_DIR; };
		A74D8E9745CF518BB64CCF04 /* Pods-PuzzleAppReduxUITests.debug.xcconfig */ = {isa = PBXFileReference; includeInIndex = 1; lastKnownFileType = text.xcconfig; name = "Pods-PuzzleAppReduxUITests.debug.xcconfig"; path = "Target Support Files/Pods-PuzzleAppReduxUITests/Pods-PuzzleAppReduxUITests.debug.xcconfig"; sourceTree = "<group>"; };
		B7DE32BCFB94FE0295304817 /* Pods-PuzzleAppRedux.release.xcconfig */ = {isa = PBXFileReference; includeInIndex = 1; lastKnownFileType = text.xcconfig; name = "Pods-PuzzleAppRedux.release.xcconfig"; path = "Target Support Files/Pods-PuzzleAppRedux/Pods-PuzzleAppRedux.release.xcconfig"; sourceTree = "<group>"; };
		C5AE1C952D2075553BF17FEC /* Pods_PuzzleAppReduxUITests.framework */ = {isa = PBXFileReference; explicitFileType = wrapper.framework; includeInIndex = 0; path = Pods_PuzzleAppReduxUITests.framework; sourceTree = BUILT_PRODUCTS_DIR; };
		D4BC59DAFFED2C0F73745C4D /* Pods-PuzzleAppRedux.debug.xcconfig */ = {isa = PBXFileReference; includeInIndex = 1; lastKnownFileType = text.xcconfig; name = "Pods-PuzzleAppRedux.debug.xcconfig"; path = "Target Support Files/Pods-PuzzleAppRedux/Pods-PuzzleAppRedux.debug.xcconfig"; sourceTree = "<group>"; };
/* End PBXFileReference section */

/* Begin PBXFrameworksBuildPhase section */
		6F59D36E22E0EF1600BFBF88 /* Frameworks */ = {
			isa = PBXFrameworksBuildPhase;
			buildActionMask = 2147483647;
			files = (
				FE617A2F286E6AEEC53DCA41 /* Pods_PuzzleAppRedux.framework in Frameworks */,
			);
			runOnlyForDeploymentPostprocessing = 0;
		};
		6F59D38222E0EF1700BFBF88 /* Frameworks */ = {
			isa = PBXFrameworksBuildPhase;
			buildActionMask = 2147483647;
			files = (
				0ECBB03F59698C4733725B95 /* Pods_PuzzleAppReduxTests.framework in Frameworks */,
			);
			runOnlyForDeploymentPostprocessing = 0;
		};
		6F59D38D22E0EF1700BFBF88 /* Frameworks */ = {
			isa = PBXFrameworksBuildPhase;
			buildActionMask = 2147483647;
			files = (
				40A0EB832B5C14A0A232BB24 /* Pods_PuzzleAppReduxUITests.framework in Frameworks */,
			);
			runOnlyForDeploymentPostprocessing = 0;
		};
/* End PBXFrameworksBuildPhase section */

/* Begin PBXGroup section */
		6F301CF622E0EFEF007E19A5 /* Redux */ = {
			isa = PBXGroup;
			children = (
				6F301D0522E0F18F007E19A5 /* Action */,
				6F301D0022E0F0AA007E19A5 /* Reducer */,
				6F301CFF22E0F0A4007E19A5 /* Store */,
				6F301CFC22E0F092007E19A5 /* State */,
			);
			path = Redux;
			sourceTree = "<group>";
		};
		6F301CF722E0EFF4007E19A5 /* Puzzle */ = {
			isa = PBXGroup;
			children = (
				6FCDE04A22E2FBB500321BEE /* PuzzleController.swift */,
				6FCDE04C22E2FBFB00321BEE /* PuzzleMap.swift */,
			);
			path = Puzzle;
			sourceTree = "<group>";
		};
		6F301CF922E0F026007E19A5 /* Settings */ = {
			isa = PBXGroup;
			children = (
				6F301CFA22E0F031007E19A5 /* SettingsController.swift */,
			);
			path = Settings;
			sourceTree = "<group>";
		};
		6F301CFC22E0F092007E19A5 /* State */ = {
			isa = PBXGroup;
			children = (
				6F301CFD22E0F09F007E19A5 /* AppState.swift */,
				6F301D0622E0F278007E19A5 /* SettingState.swift */,
			);
			path = State;
			sourceTree = "<group>";
		};
		6F301CFF22E0F0A4007E19A5 /* Store */ = {
			isa = PBXGroup;
			children = (
				6F301D0122E0F0BE007E19A5 /* AppStore.swift */,
			);
			path = Store;
			sourceTree = "<group>";
		};
		6F301D0022E0F0AA007E19A5 /* Reducer */ = {
			isa = PBXGroup;
			children = (
				6F301D0322E0F13B007E19A5 /* AppReducer.swift */,
				6F301D0822E0F2E1007E19A5 /* SettingsReducer.swift */,
			);
			path = Reducer;
			sourceTree = "<group>";
		};
		6F301D0522E0F18F007E19A5 /* Action */ = {
			isa = PBXGroup;
			children = (
				6F301D0A22E0F48D007E19A5 /* SettingsAction.swift */,
			);
			path = Action;
			sourceTree = "<group>";
		};
		6F301D0C22E0F652007E19A5 /* Start */ = {
			isa = PBXGroup;
			children = (
				6F301D0D22E0F662007E19A5 /* StartController.swift */,
			);
			path = Start;
			sourceTree = "<group>";
		};
		6F59D36822E0EF1600BFBF88 = {
			isa = PBXGroup;
			children = (
				6F59D37322E0EF1600BFBF88 /* PuzzleAppRedux */,
				6F59D38822E0EF1700BFBF88 /* PuzzleAppReduxTests */,
				6F59D39322E0EF1700BFBF88 /* PuzzleAppReduxUITests */,
				6F59D37222E0EF1600BFBF88 /* Products */,
				E6AF61DBFCB752163F73BF7A /* Pods */,
				AAF70633B4B3CA7EFB0757AD /* Frameworks */,
			);
			sourceTree = "<group>";
		};
		6F59D37222E0EF1600BFBF88 /* Products */ = {
			isa = PBXGroup;
			children = (
				6F59D37122E0EF1600BFBF88 /* PuzzleAppRedux.app */,
				6F59D38522E0EF1700BFBF88 /* PuzzleAppReduxTests.xctest */,
				6F59D39022E0EF1700BFBF88 /* PuzzleAppReduxUITests.xctest */,
			);
			name = Products;
			sourceTree = "<group>";
		};
		6F59D37322E0EF1600BFBF88 /* PuzzleAppRedux */ = {
			isa = PBXGroup;
			children = (
				6FCDE04E22E306A700321BEE /* Utils */,
				6F301D0C22E0F652007E19A5 /* Start */,
				6F301CF922E0F026007E19A5 /* Settings */,
				6F301CF722E0EFF4007E19A5 /* Puzzle */,
				6F301CF622E0EFEF007E19A5 /* Redux */,
				6F59D37422E0EF1600BFBF88 /* AppDelegate.swift */,
				6F59D37B22E0EF1700BFBF88 /* Assets.xcassets */,
				6F59D37D22E0EF1700BFBF88 /* LaunchScreen.storyboard */,
				6F59D38022E0EF1700BFBF88 /* Info.plist */,
			);
			path = PuzzleAppRedux;
			sourceTree = "<group>";
		};
		6F59D38822E0EF1700BFBF88 /* PuzzleAppReduxTests */ = {
			isa = PBXGroup;
			children = (
				6F59D38922E0EF1700BFBF88 /* PuzzleAppReduxTests.swift */,
				6F59D38B22E0EF1700BFBF88 /* Info.plist */,
			);
			path = PuzzleAppReduxTests;
			sourceTree = "<group>";
		};
		6F59D39322E0EF1700BFBF88 /* PuzzleAppReduxUITests */ = {
			isa = PBXGroup;
			children = (
				6F59D39422E0EF1700BFBF88 /* PuzzleAppReduxUITests.swift */,
				6F59D39622E0EF1800BFBF88 /* Info.plist */,
			);
			path = PuzzleAppReduxUITests;
			sourceTree = "<group>";
		};
		6FCDE04E22E306A700321BEE /* Utils */ = {
			isa = PBXGroup;
			children = (
				6FCDE04F22E306B800321BEE /* ArrayExtension.swift */,
			);
			path = Utils;
			sourceTree = "<group>";
		};
		AAF70633B4B3CA7EFB0757AD /* Frameworks */ = {
			isa = PBXGroup;
			children = (
				80B0874BE7859967C3999C62 /* Pods_PuzzleAppRedux.framework */,
				4E630433712BCE53A2199085 /* Pods_PuzzleAppReduxTests.framework */,
				C5AE1C952D2075553BF17FEC /* Pods_PuzzleAppReduxUITests.framework */,
			);
			name = Frameworks;
			sourceTree = "<group>";
		};
		E6AF61DBFCB752163F73BF7A /* Pods */ = {
			isa = PBXGroup;
			children = (
				D4BC59DAFFED2C0F73745C4D /* Pods-PuzzleAppRedux.debug.xcconfig */,
				B7DE32BCFB94FE0295304817 /* Pods-PuzzleAppRedux.release.xcconfig */,
				7D845AA954D568E7157579B5 /* Pods-PuzzleAppReduxTests.debug.xcconfig */,
				143B073E012F06AFE4AD9728 /* Pods-PuzzleAppReduxTests.release.xcconfig */,
				A74D8E9745CF518BB64CCF04 /* Pods-PuzzleAppReduxUITests.debug.xcconfig */,
				6B6D6F8D01354126F0D7E794 /* Pods-PuzzleAppReduxUITests.release.xcconfig */,
			);
			path = Pods;
			sourceTree = "<group>";
		};
/* End PBXGroup section */

/* Begin PBXNativeTarget section */
		6F59D37022E0EF1600BFBF88 /* PuzzleAppRedux */ = {
			isa = PBXNativeTarget;
			buildConfigurationList = 6F59D39922E0EF1800BFBF88 /* Build configuration list for PBXNativeTarget "PuzzleAppRedux" */;
			buildPhases = (
				9EE808F596E5FADEEF467F08 /* [CP] Check Pods Manifest.lock */,
				6F59D36D22E0EF1600BFBF88 /* Sources */,
				6F59D36E22E0EF1600BFBF88 /* Frameworks */,
				6F59D36F22E0EF1600BFBF88 /* Resources */,
				95A6ABABF63F9A35698EE4EF /* [CP] Embed Pods Frameworks */,
			);
			buildRules = (
			);
			dependencies = (
			);
			name = PuzzleAppRedux;
			productName = PuzzleAppRedux;
			productReference = 6F59D37122E0EF1600BFBF88 /* PuzzleAppRedux.app */;
			productType = "com.apple.product-type.application";
		};
		6F59D38422E0EF1700BFBF88 /* PuzzleAppReduxTests */ = {
			isa = PBXNativeTarget;
			buildConfigurationList = 6F59D39C22E0EF1800BFBF88 /* Build configuration list for PBXNativeTarget "PuzzleAppReduxTests" */;
			buildPhases = (
				40227A6C6EA1DD433F3727F9 /* [CP] Check Pods Manifest.lock */,
				6F59D38122E0EF1700BFBF88 /* Sources */,
				6F59D38222E0EF1700BFBF88 /* Frameworks */,
				6F59D38322E0EF1700BFBF88 /* Resources */,
			);
			buildRules = (
			);
			dependencies = (
				6F59D38722E0EF1700BFBF88 /* PBXTargetDependency */,
			);
			name = PuzzleAppReduxTests;
			productName = PuzzleAppReduxTests;
			productReference = 6F59D38522E0EF1700BFBF88 /* PuzzleAppReduxTests.xctest */;
			productType = "com.apple.product-type.bundle.unit-test";
		};
		6F59D38F22E0EF1700BFBF88 /* PuzzleAppReduxUITests */ = {
			isa = PBXNativeTarget;
			buildConfigurationList = 6F59D39F22E0EF1800BFBF88 /* Build configuration list for PBXNativeTarget "PuzzleAppReduxUITests" */;
			buildPhases = (
				917056E46DF2D5091AC2281A /* [CP] Check Pods Manifest.lock */,
				6F59D38C22E0EF1700BFBF88 /* Sources */,
				6F59D38D22E0EF1700BFBF88 /* Frameworks */,
				6F59D38E22E0EF1700BFBF88 /* Resources */,
			);
			buildRules = (
			);
			dependencies = (
				6F59D39222E0EF1700BFBF88 /* PBXTargetDependency */,
			);
			name = PuzzleAppReduxUITests;
			productName = PuzzleAppReduxUITests;
			productReference = 6F59D39022E0EF1700BFBF88 /* PuzzleAppReduxUITests.xctest */;
			productType = "com.apple.product-type.bundle.ui-testing";
		};
/* End PBXNativeTarget section */

/* Begin PBXProject section */
		6F59D36922E0EF1600BFBF88 /* Project object */ = {
			isa = PBXProject;
			attributes = {
				LastSwiftUpdateCheck = 1020;
				LastUpgradeCheck = 1020;
				ORGANIZATIONNAME = "Mariusz Sut";
				TargetAttributes = {
					6F59D37022E0EF1600BFBF88 = {
						CreatedOnToolsVersion = 10.2.1;
					};
					6F59D38422E0EF1700BFBF88 = {
						CreatedOnToolsVersion = 10.2.1;
						TestTargetID = 6F59D37022E0EF1600BFBF88;
					};
					6F59D38F22E0EF1700BFBF88 = {
						CreatedOnToolsVersion = 10.2.1;
						TestTargetID = 6F59D37022E0EF1600BFBF88;
					};
				};
			};
			buildConfigurationList = 6F59D36C22E0EF1600BFBF88 /* Build configuration list for PBXProject "PuzzleAppRedux" */;
			compatibilityVersion = "Xcode 9.3";
			developmentRegion = en;
			hasScannedForEncodings = 0;
			knownRegions = (
				en,
				Base,
			);
			mainGroup = 6F59D36822E0EF1600BFBF88;
			productRefGroup = 6F59D37222E0EF1600BFBF88 /* Products */;
			projectDirPath = "";
			projectRoot = "";
			targets = (
				6F59D37022E0EF1600BFBF88 /* PuzzleAppRedux */,
				6F59D38422E0EF1700BFBF88 /* PuzzleAppReduxTests */,
				6F59D38F22E0EF1700BFBF88 /* PuzzleAppReduxUITests */,
			);
		};
/* End PBXProject section */

/* Begin PBXResourcesBuildPhase section */
		6F59D36F22E0EF1600BFBF88 /* Resources */ = {
			isa = PBXResourcesBuildPhase;
			buildActionMask = 2147483647;
			files = (
				6F59D37F22E0EF1700BFBF88 /* LaunchScreen.storyboard in Resources */,
				6F59D37C22E0EF1700BFBF88 /* Assets.xcassets in Resources */,
			);
			runOnlyForDeploymentPostprocessing = 0;
		};
		6F59D38322E0EF1700BFBF88 /* Resources */ = {
			isa = PBXResourcesBuildPhase;
			buildActionMask = 2147483647;
			files = (
			);
			runOnlyForDeploymentPostprocessing = 0;
		};
		6F59D38E22E0EF1700BFBF88 /* Resources */ = {
			isa = PBXResourcesBuildPhase;
			buildActionMask = 2147483647;
			files = (
			);
			runOnlyForDeploymentPostprocessing = 0;
		};
/* End PBXResourcesBuildPhase section */

/* Begin PBXShellScriptBuildPhase section */
		40227A6C6EA1DD433F3727F9 /* [CP] Check Pods Manifest.lock */ = {
			isa = PBXShellScriptBuildPhase;
			buildActionMask = 2147483647;
			files = (
			);
			inputFileListPaths = (
			);
			inputPaths = (
				"${PODS_PODFILE_DIR_PATH}/Podfile.lock",
				"${PODS_ROOT}/Manifest.lock",
			);
			name = "[CP] Check Pods Manifest.lock";
			outputFileListPaths = (
			);
			outputPaths = (
				"$(DERIVED_FILE_DIR)/Pods-PuzzleAppReduxTests-checkManifestLockResult.txt",
			);
			runOnlyForDeploymentPostprocessing = 0;
			shellPath = /bin/sh;
			shellScript = "diff \"${PODS_PODFILE_DIR_PATH}/Podfile.lock\" \"${PODS_ROOT}/Manifest.lock\" > /dev/null\nif [ $? != 0 ] ; then\n    # print error to STDERR\n    echo \"error: The sandbox is not in sync with the Podfile.lock. Run 'pod install' or update your CocoaPods installation.\" >&2\n    exit 1\nfi\n# This output is used by Xcode 'outputs' to avoid re-running this script phase.\necho \"SUCCESS\" > \"${SCRIPT_OUTPUT_FILE_0}\"\n";
			showEnvVarsInLog = 0;
		};
		917056E46DF2D5091AC2281A /* [CP] Check Pods Manifest.lock */ = {
			isa = PBXShellScriptBuildPhase;
			buildActionMask = 2147483647;
			files = (
			);
			inputFileListPaths = (
			);
			inputPaths = (
				"${PODS_PODFILE_DIR_PATH}/Podfile.lock",
				"${PODS_ROOT}/Manifest.lock",
			);
			name = "[CP] Check Pods Manifest.lock";
			outputFileListPaths = (
			);
			outputPaths = (
				"$(DERIVED_FILE_DIR)/Pods-PuzzleAppReduxUITests-checkManifestLockResult.txt",
			);
			runOnlyForDeploymentPostprocessing = 0;
			shellPath = /bin/sh;
			shellScript = "diff \"${PODS_PODFILE_DIR_PATH}/Podfile.lock\" \"${PODS_ROOT}/Manifest.lock\" > /dev/null\nif [ $? != 0 ] ; then\n    # print error to STDERR\n    echo \"error: The sandbox is not in sync with the Podfile.lock. Run 'pod install' or update your CocoaPods installation.\" >&2\n    exit 1\nfi\n# This output is used by Xcode 'outputs' to avoid re-running this script phase.\necho \"SUCCESS\" > \"${SCRIPT_OUTPUT_FILE_0}\"\n";
			showEnvVarsInLog = 0;
		};
		95A6ABABF63F9A35698EE4EF /* [CP] Embed Pods Frameworks */ = {
			isa = PBXShellScriptBuildPhase;
			buildActionMask = 2147483647;
			files = (
			);
			inputFileListPaths = (
				"${PODS_ROOT}/Target Support Files/Pods-PuzzleAppRedux/Pods-PuzzleAppRedux-frameworks-${CONFIGURATION}-input-files.xcfilelist",
			);
			name = "[CP] Embed Pods Frameworks";
			outputFileListPaths = (
				"${PODS_ROOT}/Target Support Files/Pods-PuzzleAppRedux/Pods-PuzzleAppRedux-frameworks-${CONFIGURATION}-output-files.xcfilelist",
			);
			runOnlyForDeploymentPostprocessing = 0;
			shellPath = /bin/sh;
			shellScript = "\"${PODS_ROOT}/Target Support Files/Pods-PuzzleAppRedux/Pods-PuzzleAppRedux-frameworks.sh\"\n";
			showEnvVarsInLog = 0;
		};
		9EE808F596E5FADEEF467F08 /* [CP] Check Pods Manifest.lock */ = {
			isa = PBXShellScriptBuildPhase;
			buildActionMask = 2147483647;
			files = (
			);
			inputFileListPaths = (
			);
			inputPaths = (
				"${PODS_PODFILE_DIR_PATH}/Podfile.lock",
				"${PODS_ROOT}/Manifest.lock",
			);
			name = "[CP] Check Pods Manifest.lock";
			outputFileListPaths = (
			);
			outputPaths = (
				"$(DERIVED_FILE_DIR)/Pods-PuzzleAppRedux-checkManifestLockResult.txt",
			);
			runOnlyForDeploymentPostprocessing = 0;
			shellPath = /bin/sh;
			shellScript = "diff \"${PODS_PODFILE_DIR_PATH}/Podfile.lock\" \"${PODS_ROOT}/Manifest.lock\" > /dev/null\nif [ $? != 0 ] ; then\n    # print error to STDERR\n    echo \"error: The sandbox is not in sync with the Podfile.lock. Run 'pod install' or update your CocoaPods installation.\" >&2\n    exit 1\nfi\n# This output is used by Xcode 'outputs' to avoid re-running this script phase.\necho \"SUCCESS\" > \"${SCRIPT_OUTPUT_FILE_0}\"\n";
			showEnvVarsInLog = 0;
		};
/* End PBXShellScriptBuildPhase section */

/* Begin PBXSourcesBuildPhase section */
		6F59D36D22E0EF1600BFBF88 /* Sources */ = {
			isa = PBXSourcesBuildPhase;
			buildActionMask = 2147483647;
			files = (
				6F301CFE22E0F09F007E19A5 /* AppState.swift in Sources */,
				6F301CFB22E0F031007E19A5 /* SettingsController.swift in Sources */,
				6F301D0E22E0F662007E19A5 /* StartController.swift in Sources */,
				6FCDE05022E306B800321BEE /* ArrayExtension.swift in Sources */,
				6F301D0922E0F2E1007E19A5 /* SettingsReducer.swift in Sources */,
				6F301D0722E0F278007E19A5 /* SettingState.swift in Sources */,
				6FCDE04D22E2FBFB00321BEE /* PuzzleMap.swift in Sources */,
				6F59D37522E0EF1600BFBF88 /* AppDelegate.swift in Sources */,
				6F301D0222E0F0BE007E19A5 /* AppStore.swift in Sources */,
				6FCDE04B22E2FBB500321BEE /* PuzzleController.swift in Sources */,
				6F301D0B22E0F48D007E19A5 /* SettingsAction.swift in Sources */,
				6F301D0422E0F13B007E19A5 /* AppReducer.swift in Sources */,
			);
			runOnlyForDeploymentPostprocessing = 0;
		};
		6F59D38122E0EF1700BFBF88 /* Sources */ = {
			isa = PBXSourcesBuildPhase;
			buildActionMask = 2147483647;
			files = (
				6F59D38A22E0EF1700BFBF88 /* PuzzleAppReduxTests.swift in Sources */,
			);
			runOnlyForDeploymentPostprocessing = 0;
		};
		6F59D38C22E0EF1700BFBF88 /* Sources */ = {
			isa = PBXSourcesBuildPhase;
			buildActionMask = 2147483647;
			files = (
				6F59D39522E0EF1700BFBF88 /* PuzzleAppReduxUITests.swift in Sources */,
			);
			runOnlyForDeploymentPostprocessing = 0;
		};
/* End PBXSourcesBuildPhase section */

/* Begin PBXTargetDependency section */
		6F59D38722E0EF1700BFBF88 /* PBXTargetDependency */ = {
			isa = PBXTargetDependency;
			target = 6F59D37022E0EF1600BFBF88 /* PuzzleAppRedux */;
			targetProxy = 6F59D38622E0EF1700BFBF88 /* PBXContainerItemProxy */;
		};
		6F59D39222E0EF1700BFBF88 /* PBXTargetDependency */ = {
			isa = PBXTargetDependency;
			target = 6F59D37022E0EF1600BFBF88 /* PuzzleAppRedux */;
			targetProxy = 6F59D39122E0EF1700BFBF88 /* PBXContainerItemProxy */;
		};
/* End PBXTargetDependency section */

/* Begin PBXVariantGroup section */
		6F59D37D22E0EF1700BFBF88 /* LaunchScreen.storyboard */ = {
			isa = PBXVariantGroup;
			children = (
				6F59D37E22E0EF1700BFBF88 /* Base */,
			);
			name = LaunchScreen.storyboard;
			sourceTree = "<group>";
		};
/* End PBXVariantGroup section */

/* Begin XCBuildConfiguration section */
		6F59D39722E0EF1800BFBF88 /* Debug */ = {
			isa = XCBuildConfiguration;
			buildSettings = {
				ALWAYS_SEARCH_USER_PATHS = NO;
				CLANG_ANALYZER_NONNULL = YES;
				CLANG_ANALYZER_NUMBER_OBJECT_CONVERSION = YES_AGGRESSIVE;
				CLANG_CXX_LANGUAGE_STANDARD = "gnu++14";
				CLANG_CXX_LIBRARY = "libc++";
				CLANG_ENABLE_MODULES = YES;
				CLANG_ENABLE_OBJC_ARC = YES;
				CLANG_ENABLE_OBJC_WEAK = YES;
				CLANG_WARN_BLOCK_CAPTURE_AUTORELEASING = YES;
				CLANG_WARN_BOOL_CONVERSION = YES;
				CLANG_WARN_COMMA = YES;
				CLANG_WARN_CONSTANT_CONVERSION = YES;
				CLANG_WARN_DEPRECATED_OBJC_IMPLEMENTATIONS = YES;
				CLANG_WARN_DIRECT_OBJC_ISA_USAGE = YES_ERROR;
				CLANG_WARN_DOCUMENTATION_COMMENTS = YES;
				CLANG_WARN_EMPTY_BODY = YES;
				CLANG_WARN_ENUM_CONVERSION = YES;
				CLANG_WARN_INFINITE_RECURSION = YES;
				CLANG_WARN_INT_CONVERSION = YES;
				CLANG_WARN_NON_LITERAL_NULL_CONVERSION = YES;
				CLANG_WARN_OBJC_IMPLICIT_RETAIN_SELF = YES;
				CLANG_WARN_OBJC_LITERAL_CONVERSION = YES;
				CLANG_WARN_OBJC_ROOT_CLASS = YES_ERROR;
				CLANG_WARN_RANGE_LOOP_ANALYSIS = YES;
				CLANG_WARN_STRICT_PROTOTYPES = YES;
				CLANG_WARN_SUSPICIOUS_MOVE = YES;
				CLANG_WARN_UNGUARDED_AVAILABILITY = YES_AGGRESSIVE;
				CLANG_WARN_UNREACHABLE_CODE = YES;
				CLANG_WARN__DUPLICATE_METHOD_MATCH = YES;
				CODE_SIGN_IDENTITY = "iPhone Developer";
				COPY_PHASE_STRIP = NO;
				DEBUG_INFORMATION_FORMAT = dwarf;
				ENABLE_STRICT_OBJC_MSGSEND = YES;
				ENABLE_TESTABILITY = YES;
				GCC_C_LANGUAGE_STANDARD = gnu11;
				GCC_DYNAMIC_NO_PIC = NO;
				GCC_NO_COMMON_BLOCKS = YES;
				GCC_OPTIMIZATION_LEVEL = 0;
				GCC_PREPROCESSOR_DEFINITIONS = (
					"DEBUG=1",
					"$(inherited)",
				);
				GCC_WARN_64_TO_32_BIT_CONVERSION = YES;
				GCC_WARN_ABOUT_RETURN_TYPE = YES_ERROR;
				GCC_WARN_UNDECLARED_SELECTOR = YES;
				GCC_WARN_UNINITIALIZED_AUTOS = YES_AGGRESSIVE;
				GCC_WARN_UNUSED_FUNCTION = YES;
				GCC_WARN_UNUSED_VARIABLE = YES;
				IPHONEOS_DEPLOYMENT_TARGET = 12.2;
				MTL_ENABLE_DEBUG_INFO = INCLUDE_SOURCE;
				MTL_FAST_MATH = YES;
				ONLY_ACTIVE_ARCH = YES;
				SDKROOT = iphoneos;
				SWIFT_ACTIVE_COMPILATION_CONDITIONS = DEBUG;
				SWIFT_OPTIMIZATION_LEVEL = "-Onone";
			};
			name = Debug;
		};
		6F59D39822E0EF1800BFBF88 /* Release */ = {
			isa = XCBuildConfiguration;
			buildSettings = {
				ALWAYS_SEARCH_USER_PATHS = NO;
				CLANG_ANALYZER_NONNULL = YES;
				CLANG_ANALYZER_NUMBER_OBJECT_CONVERSION = YES_AGGRESSIVE;
				CLANG_CXX_LANGUAGE_STANDARD = "gnu++14";
				CLANG_CXX_LIBRARY = "libc++";
				CLANG_ENABLE_MODULES = YES;
				CLANG_ENABLE_OBJC_ARC = YES;
				CLANG_ENABLE_OBJC_WEAK = YES;
				CLANG_WARN_BLOCK_CAPTURE_AUTORELEASING = YES;
				CLANG_WARN_BOOL_CONVERSION = YES;
				CLANG_WARN_COMMA = YES;
				CLANG_WARN_CONSTANT_CONVERSION = YES;
				CLANG_WARN_DEPRECATED_OBJC_IMPLEMENTATIONS = YES;
				CLANG_WARN_DIRECT_OBJC_ISA_USAGE = YES_ERROR;
				CLANG_WARN_DOCUMENTATION_COMMENTS = YES;
				CLANG_WARN_EMPTY_BODY = YES;
				CLANG_WARN_ENUM_CONVERSION = YES;
				CLANG_WARN_INFINITE_RECURSION = YES;
				CLANG_WARN_INT_CONVERSION = YES;
				CLANG_WARN_NON_LITERAL_NULL_CONVERSION = YES;
				CLANG_WARN_OBJC_IMPLICIT_RETAIN_SELF = YES;
				CLANG_WARN_OBJC_LITERAL_CONVERSION = YES;
				CLANG_WARN_OBJC_ROOT_CLASS = YES_ERROR;
				CLANG_WARN_RANGE_LOOP_ANALYSIS = YES;
				CLANG_WARN_STRICT_PROTOTYPES = YES;
				CLANG_WARN_SUSPICIOUS_MOVE = YES;
				CLANG_WARN_UNGUARDED_AVAILABILITY = YES_AGGRESSIVE;
				CLANG_WARN_UNREACHABLE_CODE = YES;
				CLANG_WARN__DUPLICATE_METHOD_MATCH = YES;
				CODE_SIGN_IDENTITY = "iPhone Developer";
				COPY_PHASE_STRIP = NO;
				DEBUG_INFORMATION_FORMAT = "dwarf-with-dsym";
				ENABLE_NS_ASSERTIONS = NO;
				ENABLE_STRICT_OBJC_MSGSEND = YES;
				GCC_C_LANGUAGE_STANDARD = gnu11;
				GCC_NO_COMMON_BLOCKS = YES;
				GCC_WARN_64_TO_32_BIT_CONVERSION = YES;
				GCC_WARN_ABOUT_RETURN_TYPE = YES_ERROR;
				GCC_WARN_UNDECLARED_SELECTOR = YES;
				GCC_WARN_UNINITIALIZED_AUTOS = YES_AGGRESSIVE;
				GCC_WARN_UNUSED_FUNCTION = YES;
				GCC_WARN_UNUSED_VARIABLE = YES;
				IPHONEOS_DEPLOYMENT_TARGET = 12.2;
				MTL_ENABLE_DEBUG_INFO = NO;
				MTL_FAST_MATH = YES;
				SDKROOT = iphoneos;
				SWIFT_COMPILATION_MODE = wholemodule;
				SWIFT_OPTIMIZATION_LEVEL = "-O";
				VALIDATE_PRODUCT = YES;
			};
			name = Release;
		};
		6F59D39A22E0EF1800BFBF88 /* Debug */ = {
			isa = XCBuildConfiguration;
			baseConfigurationReference = D4BC59DAFFED2C0F73745C4D /* Pods-PuzzleAppRedux.debug.xcconfig */;
			buildSettings = {
				ASSETCATALOG_COMPILER_APPICON_NAME = AppIcon;
				CODE_SIGN_STYLE = Automatic;
				DEVELOPMENT_TEAM = F8MY77QSLQ;
				INFOPLIST_FILE = PuzzleAppRedux/Info.plist;
				LD_RUNPATH_SEARCH_PATHS = (
					"$(inherited)",
					"@executable_path/Frameworks",
				);
				PRODUCT_BUNDLE_IDENTIFIER = com.msut.PuzzleAppRedux;
				PRODUCT_NAME = "$(TARGET_NAME)";
				SWIFT_VERSION = 5.0;
				TARGETED_DEVICE_FAMILY = "1,2";
			};
			name = Debug;
		};
		6F59D39B22E0EF1800BFBF88 /* Release */ = {
			isa = XCBuildConfiguration;
			baseConfigurationReference = B7DE32BCFB94FE0295304817 /* Pods-PuzzleAppRedux.release.xcconfig */;
			buildSettings = {
				ASSETCATALOG_COMPILER_APPICON_NAME = AppIcon;
				CODE_SIGN_STYLE = Automatic;
				DEVELOPMENT_TEAM = F8MY77QSLQ;
				INFOPLIST_FILE = PuzzleAppRedux/Info.plist;
				LD_RUNPATH_SEARCH_PATHS = (
					"$(inherited)",
					"@executable_path/Frameworks",
				);
				PRODUCT_BUNDLE_IDENTIFIER = com.msut.PuzzleAppRedux;
				PRODUCT_NAME = "$(TARGET_NAME)";
				SWIFT_VERSION = 5.0;
				TARGETED_DEVICE_FAMILY = "1,2";
			};
			name = Release;
		};
		6F59D39D22E0EF1800BFBF88 /* Debug */ = {
			isa = XCBuildConfiguration;
			baseConfigurationReference = 7D845AA954D568E7157579B5 /* Pods-PuzzleAppReduxTests.debug.xcconfig */;
			buildSettings = {
				ALWAYS_EMBED_SWIFT_STANDARD_LIBRARIES = YES;
				BUNDLE_LOADER = "$(TEST_HOST)";
				CODE_SIGN_STYLE = Automatic;
				DEVELOPMENT_TEAM = F8MY77QSLQ;
				INFOPLIST_FILE = PuzzleAppReduxTests/Info.plist;
				LD_RUNPATH_SEARCH_PATHS = (
					"$(inherited)",
					"@executable_path/Frameworks",
					"@loader_path/Frameworks",
				);
				PRODUCT_BUNDLE_IDENTIFIER = com.msut.PuzzleAppReduxTests;
				PRODUCT_NAME = "$(TARGET_NAME)";
				SWIFT_VERSION = 5.0;
				TARGETED_DEVICE_FAMILY = "1,2";
				TEST_HOST = "$(BUILT_PRODUCTS_DIR)/PuzzleAppRedux.app/PuzzleAppRedux";
			};
			name = Debug;
		};
		6F59D39E22E0EF1800BFBF88 /* Release */ = {
			isa = XCBuildConfiguration;
			baseConfigurationReference = 143B073E012F06AFE4AD9728 /* Pods-PuzzleAppReduxTests.release.xcconfig */;
			buildSettings = {
				ALWAYS_EMBED_SWIFT_STANDARD_LIBRARIES = YES;
				BUNDLE_LOADER = "$(TEST_HOST)";
				CODE_SIGN_STYLE = Automatic;
				DEVELOPMENT_TEAM = F8MY77QSLQ;
				INFOPLIST_FILE = PuzzleAppReduxTests/Info.plist;
				LD_RUNPATH_SEARCH_PATHS = (
					"$(inherited)",
					"@executable_path/Frameworks",
					"@loader_path/Frameworks",
				);
				PRODUCT_BUNDLE_IDENTIFIER = com.msut.PuzzleAppReduxTests;
				PRODUCT_NAME = "$(TARGET_NAME)";
				SWIFT_VERSION = 5.0;
				TARGETED_DEVICE_FAMILY = "1,2";
				TEST_HOST = "$(BUILT_PRODUCTS_DIR)/PuzzleAppRedux.app/PuzzleAppRedux";
			};
			name = Release;
		};
		6F59D3A022E0EF1800BFBF88 /* Debug */ = {
			isa = XCBuildConfiguration;
			baseConfigurationReference = A74D8E9745CF518BB64CCF04 /* Pods-PuzzleAppReduxUITests.debug.xcconfig */;
			buildSettings = {
				ALWAYS_EMBED_SWIFT_STANDARD_LIBRARIES = YES;
				CODE_SIGN_STYLE = Automatic;
				DEVELOPMENT_TEAM = F8MY77QSLQ;
				INFOPLIST_FILE = PuzzleAppReduxUITests/Info.plist;
				LD_RUNPATH_SEARCH_PATHS = (
					"$(inherited)",
					"@executable_path/Frameworks",
					"@loader_path/Frameworks",
				);
				PRODUCT_BUNDLE_IDENTIFIER = com.msut.PuzzleAppReduxUITests;
				PRODUCT_NAME = "$(TARGET_NAME)";
				SWIFT_VERSION = 5.0;
				TARGETED_DEVICE_FAMILY = "1,2";
				TEST_TARGET_NAME = PuzzleAppRedux;
			};
			name = Debug;
		};
		6F59D3A122E0EF1800BFBF88 /* Release */ = {
			isa = XCBuildConfiguration;
			baseConfigurationReference = 6B6D6F8D01354126F0D7E794 /* Pods-PuzzleAppReduxUITests.release.xcconfig */;
			buildSettings = {
				ALWAYS_EMBED_SWIFT_STANDARD_LIBRARIES = YES;
				CODE_SIGN_STYLE = Automatic;
				DEVELOPMENT_TEAM = F8MY77QSLQ;
				INFOPLIST_FILE = PuzzleAppReduxUITests/Info.plist;
				LD_RUNPATH_SEARCH_PATHS = (
					"$(inherited)",
					"@executable_path/Frameworks",
					"@loader_path/Frameworks",
				);
				PRODUCT_BUNDLE_IDENTIFIER = com.msut.PuzzleAppReduxUITests;
				PRODUCT_NAME = "$(TARGET_NAME)";
				SWIFT_VERSION = 5.0;
				TARGETED_DEVICE_FAMILY = "1,2";
				TEST_TARGET_NAME = PuzzleAppRedux;
			};
			name = Release;
		};
/* End XCBuildConfiguration section */

/* Begin XCConfigurationList section */
		6F59D36C22E0EF1600BFBF88 /* Build configuration list for PBXProject "PuzzleAppRedux" */ = {
			isa = XCConfigurationList;
			buildConfigurations = (
				6F59D39722E0EF1800BFBF88 /* Debug */,
				6F59D39822E0EF1800BFBF88 /* Release */,
			);
			defaultConfigurationIsVisible = 0;
			defaultConfigurationName = Release;
		};
		6F59D39922E0EF1800BFBF88 /* Build configuration list for PBXNativeTarget "PuzzleAppRedux" */ = {
			isa = XCConfigurationList;
			buildConfigurations = (
				6F59D39A22E0EF1800BFBF88 /* Debug */,
				6F59D39B22E0EF1800BFBF88 /* Release */,
			);
			defaultConfigurationIsVisible = 0;
			defaultConfigurationName = Release;
		};
		6F59D39C22E0EF1800BFBF88 /* Build configuration list for PBXNativeTarget "PuzzleAppReduxTests" */ = {
			isa = XCConfigurationList;
			buildConfigurations = (
				6F59D39D22E0EF1800BFBF88 /* Debug */,
				6F59D39E22E0EF1800BFBF88 /* Release */,
			);
			defaultConfigurationIsVisible = 0;
			defaultConfigurationName = Release;
		};
		6F59D39F22E0EF1800BFBF88 /* Build configuration list for PBXNativeTarget "PuzzleAppReduxUITests" */ = {
			isa = XCConfigurationList;
			buildConfigurations = (
				6F59D3A022E0EF1800BFBF88 /* Debug */,
				6F59D3A122E0EF1800BFBF88 /* Release */,
			);
			defaultConfigurationIsVisible = 0;
			defaultConfigurationName = Release;
		};
/* End XCConfigurationList section */
	};
	rootObject = 6F59D36922E0EF1600BFBF88 /* Project object */;
}
