// !$*UTF8*$!
{
	archiveVersion = 1;
	classes = {
	};
	objectVersion = 50;
	objects = {

/* Begin PBXBuildFile section */
		6F59D37522E0EF1600BFBF88 /* AppDelegate.swift in Sources */ = {isa = PBXBuildFile; fileRef = 6F59D37422E0EF1600BFBF88 /* AppDelegate.swift */; };
		6F59D37722E0EF1600BFBF88 /* ViewController.swift in Sources */ = {isa = PBXBuildFile; fileRef = 6F59D37622E0EF1600BFBF88 /* ViewController.swift */; };
		6F59D37A22E0EF1600BFBF88 /* Main.storyboard in Resources */ = {isa = PBXBuildFile; fileRef = 6F59D37822E0EF1600BFBF88 /* Main.storyboard */; };
		6F59D37C22E0EF1700BFBF88 /* Assets.xcassets in Resources */ = {isa = PBXBuildFile; fileRef = 6F59D37B22E0EF1700BFBF88 /* Assets.xcassets */; };
		6F59D37F22E0EF1700BFBF88 /* LaunchScreen.storyboard in Resources */ = {isa = PBXBuildFile; fileRef = 6F59D37D22E0EF1700BFBF88 /* LaunchScreen.storyboard */; };
		6F59D38A22E0EF1700BFBF88 /* PuzzleAppReduxTests.swift in Sources */ = {isa = PBXBuildFile; fileRef = 6F59D38922E0EF1700BFBF88 /* PuzzleAppReduxTests.swift */; };
		6F59D39522E0EF1700BFBF88 /* PuzzleAppReduxUITests.swift in Sources */ = {isa = PBXBuildFile; fileRef = 6F59D39422E0EF1700BFBF88 /* PuzzleAppReduxUITests.swift */; };
/* End PBXBuildFile section */

/* Begin PBXContainerItemProxy section */
		6F59D38622E0EF1700BFBF88 /* PBXContainerItemProxy */ = {
			isa = PBXContainerItemProxy;
			containerPortal = 6F59D36922E0EF1600BFBF88 /* Project object */;
			proxyType = 1;
			remoteGlobalIDString = 6F59D37022E0EF1600BFBF88;
			remoteInfo = PuzzleAppRedux;
		};
		6F59D39122E0EF1700BFBF88 /* PBXContainerItemProxy */ = {
			isa = PBXContainerItemProxy;
			containerPortal = 6F59D36922E0EF1600BFBF88 /* Project object */;
			proxyType = 1;
			remoteGlobalIDString = 6F59D37022E0EF1600BFBF88;
			remoteInfo = PuzzleAppRedux;
		};
/* End PBXContainerItemProxy section */

/* Begin PBXFileReference section */
		6F59D37122E0EF1600BFBF88 /* PuzzleAppRedux.app */ = {isa = PBXFileReference; explicitFileType = wrapper.application; includeInIndex = 0; path = PuzzleAppRedux.app; sourceTree = BUILT_PRODUCTS_DIR; };
		6F59D37422E0EF1600BFBF88 /* AppDelegate.swift */ = {isa = PBXFileReference; lastKnownFileType = sourcecode.swift; path = AppDelegate.swift; sourceTree = "<group>"; };
		6F59D37622E0EF1600BFBF88 /* ViewController.swift */ = {isa = PBXFileReference; lastKnownFileType = sourcecode.swift; path = ViewController.swift; sourceTree = "<group>"; };
		6F59D37922E0EF1600BFBF88 /* Base */ = {isa = PBXFileReference; lastKnownFileType = file.storyboard; name = Base; path = Base.lproj/Main.storyboard; sourceTree = "<group>"; };
		6F59D37B22E0EF1700BFBF88 /* Assets.xcassets */ = {isa = PBXFileReference; lastKnownFileType = folder.assetcatalog; path = Assets.xcassets; sourceTree = "<group>"; };
		6F59D37E22E0EF1700BFBF88 /* Base */ = {isa = PBXFileReference; lastKnownFileType = file.storyboard; name = Base; path = Base.lproj/LaunchScreen.storyboard; sourceTree = "<group>"; };
		6F59D38022E0EF1700BFBF88 /* Info.plist */ = {isa = PBXFileReference; lastKnownFileType = text.plist.xml; path = Info.plist; sourceTree = "<group>"; };
		6F59D38522E0EF1700BFBF88 /* PuzzleAppReduxTests.xctest */ = {isa = PBXFileReference; explicitFileType = wrapper.cfbundle; includeInIndex = 0; path = PuzzleAppReduxTests.xctest; sourceTree = BUILT_PRODUCTS_DIR; };
		6F59D38922E0EF1700BFBF88 /* PuzzleAppReduxTests.swift */ = {isa = PBXFileReference; lastKnownFileType = sourcecode.swift; path = PuzzleAppReduxTests.swift; sourceTree = "<group>"; };
		6F59D38B22E0EF1700BFBF88 /* Info.plist */ = {isa = PBXFileReference; lastKnownFileType = text.plist.xml; path = Info.plist; sourceTree = "<group>"; };
		6F59D39022E0EF1700BFBF88 /* PuzzleAppReduxUITests.xctest */ = {isa = PBXFileReference; explicitFileType = wrapper.cfbundle; includeInIndex = 0; path = PuzzleAppReduxUITests.xctest; sourceTree = BUILT_PRODUCTS_DIR; };
		6F59D39422E0EF1700BFBF88 /* PuzzleAppReduxUITests.swift */ = {isa = PBXFileReference; lastKnownFileType = sourcecode.swift; path = PuzzleAppReduxUITests.swift; sourceTree = "<group>"; };
		6F59D39622E0EF1800BFBF88 /* Info.plist */ = {isa = PBXFileReference; lastKnownFileType = text.plist.xml; path = Info.plist; sourceTree = "<group>"; };
/* End PBXFileReference section */

/* Begin PBXFrameworksBuildPhase section */
		6F59D36E22E0EF1600BFBF88 /* Frameworks */ = {
			isa = PBXFrameworksBuildPhase;
			buildActionMask = 2147483647;
			files = (
			);
			runOnlyForDeploymentPostprocessing = 0;
		};
		6F59D38222E0EF1700BFBF88 /* Frameworks */ = {
			isa = PBXFrameworksBuildPhase;
			buildActionMask = 2147483647;
			files = (
			);
			runOnlyForDeploymentPostprocessing = 0;
		};
		6F59D38D22E0EF1700BFBF88 /* Frameworks */ = {
			isa = PBXFrameworksBuildPhase;
			buildActionMask = 2147483647;
			files = (
			);
			runOnlyForDeploymentPostprocessing = 0;
		};
/* End PBXFrameworksBuildPhase section */

/* Begin PBXGroup section */
		6F59D36822E0EF1600BFBF88 = {
			isa = PBXGroup;
			children = (
				6F59D37322E0EF1600BFBF88 /* PuzzleAppRedux */,
				6F59D38822E0EF1700BFBF88 /* PuzzleAppReduxTests */,
				6F59D39322E0EF1700BFBF88 /* PuzzleAppReduxUITests */,
				6F59D37222E0EF1600BFBF88 /* Products */,
			);
			sourceTree = "<group>";
		};
		6F59D37222E0EF1600BFBF88 /* Products */ = {
			isa = PBXGroup;
			children = (
				6F59D37122E0EF1600BFBF88 /* PuzzleAppRedux.app */,
				6F59D38522E0EF1700BFBF88 /* PuzzleAppReduxTests.xctest */,
				6F59D39022E0EF1700BFBF88 /* PuzzleAppReduxUITests.xctest */,
			);
			name = Products;
			sourceTree = "<group>";
		};
		6F59D37322E0EF1600BFBF88 /* PuzzleAppRedux */ = {
			isa = PBXGroup;
			children = (
				6F59D37422E0EF1600BFBF88 /* AppDelegate.swift */,
				6F59D37622E0EF1600BFBF88 /* ViewController.swift */,
				6F59D37822E0EF1600BFBF88 /* Main.storyboard */,
				6F59D37B22E0EF1700BFBF88 /* Assets.xcassets */,
				6F59D37D22E0EF1700BFBF88 /* LaunchScreen.storyboard */,
				6F59D38022E0EF1700BFBF88 /* Info.plist */,
			);
			path = PuzzleAppRedux;
			sourceTree = "<group>";
		};
		6F59D38822E0EF1700BFBF88 /* PuzzleAppReduxTests */ = {
			isa = PBXGroup;
			children = (
				6F59D38922E0EF1700BFBF88 /* PuzzleAppReduxTests.swift */,
				6F59D38B22E0EF1700BFBF88 /* Info.plist */,
			);
			path = PuzzleAppReduxTests;
			sourceTree = "<group>";
		};
		6F59D39322E0EF1700BFBF88 /* PuzzleAppReduxUITests */ = {
			isa = PBXGroup;
			children = (
				6F59D39422E0EF1700BFBF88 /* PuzzleAppReduxUITests.swift */,
				6F59D39622E0EF1800BFBF88 /* Info.plist */,
			);
			path = PuzzleAppReduxUITests;
			sourceTree = "<group>";
		};
/* End PBXGroup section */

/* Begin PBXNativeTarget section */
		6F59D37022E0EF1600BFBF88 /* PuzzleAppRedux */ = {
			isa = PBXNativeTarget;
			buildConfigurationList = 6F59D39922E0EF1800BFBF88 /* Build configuration list for PBXNativeTarget "PuzzleAppRedux" */;
			buildPhases = (
				6F59D36D22E0EF1600BFBF88 /* Sources */,
				6F59D36E22E0EF1600BFBF88 /* Frameworks */,
				6F59D36F22E0EF1600BFBF88 /* Resources */,
			);
			buildRules = (
			);
			dependencies = (
			);
			name = PuzzleAppRedux;
			productName = PuzzleAppRedux;
			productReference = 6F59D37122E0EF1600BFBF88 /* PuzzleAppRedux.app */;
			productType = "com.apple.product-type.application";
		};
		6F59D38422E0EF1700BFBF88 /* PuzzleAppReduxTests */ = {
			isa = PBXNativeTarget;
			buildConfigurationList = 6F59D39C22E0EF1800BFBF88 /* Build configuration list for PBXNativeTarget "PuzzleAppReduxTests" */;
			buildPhases = (
				6F59D38122E0EF1700BFBF88 /* Sources */,
				6F59D38222E0EF1700BFBF88 /* Frameworks */,
				6F59D38322E0EF1700BFBF88 /* Resources */,
			);
			buildRules = (
			);
			dependencies = (
				6F59D38722E0EF1700BFBF88 /* PBXTargetDependency */,
			);
			name = PuzzleAppReduxTests;
			productName = PuzzleAppReduxTests;
			productReference = 6F59D38522E0EF1700BFBF88 /* PuzzleAppReduxTests.xctest */;
			productType = "com.apple.product-type.bundle.unit-test";
		};
		6F59D38F22E0EF1700BFBF88 /* PuzzleAppReduxUITests */ = {
			isa = PBXNativeTarget;
			buildConfigurationList = 6F59D39F22E0EF1800BFBF88 /* Build configuration list for PBXNativeTarget "PuzzleAppReduxUITests" */;
			buildPhases = (
				6F59D38C22E0EF1700BFBF88 /* Sources */,
				6F59D38D22E0EF1700BFBF88 /* Frameworks */,
				6F59D38E22E0EF1700BFBF88 /* Resources */,
			);
			buildRules = (
			);
			dependencies = (
				6F59D39222E0EF1700BFBF88 /* PBXTargetDependency */,
			);
			name = PuzzleAppReduxUITests;
			productName = PuzzleAppReduxUITests;
			productReference = 6F59D39022E0EF1700BFBF88 /* PuzzleAppReduxUITests.xctest */;
			productType = "com.apple.product-type.bundle.ui-testing";
		};
/* End PBXNativeTarget section */

/* Begin PBXProject section */
		6F59D36922E0EF1600BFBF88 /* Project object */ = {
			isa = PBXProject;
			attributes = {
				LastSwiftUpdateCheck = 1020;
				LastUpgradeCheck = 1020;
				ORGANIZATIONNAME = "Mariusz Sut";
				TargetAttributes = {
					6F59D37022E0EF1600BFBF88 = {
						CreatedOnToolsVersion = 10.2.1;
					};
					6F59D38422E0EF1700BFBF88 = {
						CreatedOnToolsVersion = 10.2.1;
						TestTargetID = 6F59D37022E0EF1600BFBF88;
					};
					6F59D38F22E0EF1700BFBF88 = {
						CreatedOnToolsVersion = 10.2.1;
						TestTargetID = 6F59D37022E0EF1600BFBF88;
					};
				};
			};
			buildConfigurationList = 6F59D36C22E0EF1600BFBF88 /* Build configuration list for PBXProject "PuzzleAppRedux" */;
			compatibilityVersion = "Xcode 9.3";
			developmentRegion = en;
			hasScannedForEncodings = 0;
			knownRegions = (
				en,
				Base,
			);
			mainGroup = 6F59D36822E0EF1600BFBF88;
			productRefGroup = 6F59D37222E0EF1600BFBF88 /* Products */;
			projectDirPath = "";
			projectRoot = "";
			targets = (
				6F59D37022E0EF1600BFBF88 /* PuzzleAppRedux */,
				6F59D38422E0EF1700BFBF88 /* PuzzleAppReduxTests */,
				6F59D38F22E0EF1700BFBF88 /* PuzzleAppReduxUITests */,
			);
		};
/* End PBXProject section */

/* Begin PBXResourcesBuildPhase section */
		6F59D36F22E0EF1600BFBF88 /* Resources */ = {
			isa = PBXResourcesBuildPhase;
			buildActionMask = 2147483647;
			files = (
				6F59D37F22E0EF1700BFBF88 /* LaunchScreen.storyboard in Resources */,
				6F59D37C22E0EF1700BFBF88 /* Assets.xcassets in Resources */,
				6F59D37A22E0EF1600BFBF88 /* Main.storyboard in Resources */,
			);
			runOnlyForDeploymentPostprocessing = 0;
		};
		6F59D38322E0EF1700BFBF88 /* Resources */ = {
			isa = PBXResourcesBuildPhase;
			buildActionMask = 2147483647;
			files = (
			);
			runOnlyForDeploymentPostprocessing = 0;
		};
		6F59D38E22E0EF1700BFBF88 /* Resources */ = {
			isa = PBXResourcesBuildPhase;
			buildActionMask = 2147483647;
			files = (
			);
			runOnlyForDeploymentPostprocessing = 0;
		};
/* End PBXResourcesBuildPhase section */

/* Begin PBXSourcesBuildPhase section */
		6F59D36D22E0EF1600BFBF88 /* Sources */ = {
			isa = PBXSourcesBuildPhase;
			buildActionMask = 2147483647;
			files = (
				6F59D37722E0EF1600BFBF88 /* ViewController.swift in Sources */,
				6F59D37522E0EF1600BFBF88 /* AppDelegate.swift in Sources */,
			);
			runOnlyForDeploymentPostprocessing = 0;
		};
		6F59D38122E0EF1700BFBF88 /* Sources */ = {
			isa = PBXSourcesBuildPhase;
			buildActionMask = 2147483647;
			files = (
				6F59D38A22E0EF1700BFBF88 /* PuzzleAppReduxTests.swift in Sources */,
			);
			runOnlyForDeploymentPostprocessing = 0;
		};
		6F59D38C22E0EF1700BFBF88 /* Sources */ = {
			isa = PBXSourcesBuildPhase;
			buildActionMask = 2147483647;
			files = (
				6F59D39522E0EF1700BFBF88 /* PuzzleAppReduxUITests.swift in Sources */,
			);
			runOnlyForDeploymentPostprocessing = 0;
		};
/* End PBXSourcesBuildPhase section */

/* Begin PBXTargetDependency section */
		6F59D38722E0EF1700BFBF88 /* PBXTargetDependency */ = {
			isa = PBXTargetDependency;
			target = 6F59D37022E0EF1600BFBF88 /* PuzzleAppRedux */;
			targetProxy = 6F59D38622E0EF1700BFBF88 /* PBXContainerItemProxy */;
		};
		6F59D39222E0EF1700BFBF88 /* PBXTargetDependency */ = {
			isa = PBXTargetDependency;
			target = 6F59D37022E0EF1600BFBF88 /* PuzzleAppRedux */;
			targetProxy = 6F59D39122E0EF1700BFBF88 /* PBXContainerItemProxy */;
		};
/* End PBXTargetDependency section */

/* Begin PBXVariantGroup section */
		6F59D37822E0EF1600BFBF88 /* Main.storyboard */ = {
			isa = PBXVariantGroup;
			children = (
				6F59D37922E0EF1600BFBF88 /* Base */,
			);
			name = Main.storyboard;
			sourceTree = "<group>";
		};
		6F59D37D22E0EF1700BFBF88 /* LaunchScreen.storyboard */ = {
			isa = PBXVariantGroup;
			children = (
				6F59D37E22E0EF1700BFBF88 /* Base */,
			);
			name = LaunchScreen.storyboard;
			sourceTree = "<group>";
		};
/* End PBXVariantGroup section */

/* Begin XCBuildConfiguration section */
		6F59D39722E0EF1800BFBF88 /* Debug */ = {
			isa = XCBuildConfiguration;
			buildSettings = {
				ALWAYS_SEARCH_USER_PATHS = NO;
				CLANG_ANALYZER_NONNULL = YES;
				CLANG_ANALYZER_NUMBER_OBJECT_CONVERSION = YES_AGGRESSIVE;
				CLANG_CXX_LANGUAGE_STANDARD = "gnu++14";
				CLANG_CXX_LIBRARY = "libc++";
				CLANG_ENABLE_MODULES = YES;
				CLANG_ENABLE_OBJC_ARC = YES;
				CLANG_ENABLE_OBJC_WEAK = YES;
				CLANG_WARN_BLOCK_CAPTURE_AUTORELEASING = YES;
				CLANG_WARN_BOOL_CONVERSION = YES;
				CLANG_WARN_COMMA = YES;
				CLANG_WARN_CONSTANT_CONVERSION = YES;
				CLANG_WARN_DEPRECATED_OBJC_IMPLEMENTATIONS = YES;
				CLANG_WARN_DIRECT_OBJC_ISA_USAGE = YES_ERROR;
				CLANG_WARN_DOCUMENTATION_COMMENTS = YES;
				CLANG_WARN_EMPTY_BODY = YES;
				CLANG_WARN_ENUM_CONVERSION = YES;
				CLANG_WARN_INFINITE_RECURSION = YES;
				CLANG_WARN_INT_CONVERSION = YES;
				CLANG_WARN_NON_LITERAL_NULL_CONVERSION = YES;
				CLANG_WARN_OBJC_IMPLICIT_RETAIN_SELF = YES;
				CLANG_WARN_OBJC_LITERAL_CONVERSION = YES;
				CLANG_WARN_OBJC_ROOT_CLASS = YES_ERROR;
				CLANG_WARN_RANGE_LOOP_ANALYSIS = YES;
				CLANG_WARN_STRICT_PROTOTYPES = YES;
				CLANG_WARN_SUSPICIOUS_MOVE = YES;
				CLANG_WARN_UNGUARDED_AVAILABILITY = YES_AGGRESSIVE;
				CLANG_WARN_UNREACHABLE_CODE = YES;
				CLANG_WARN__DUPLICATE_METHOD_MATCH = YES;
				CODE_SIGN_IDENTITY = "iPhone Developer";
				COPY_PHASE_STRIP = NO;
				DEBUG_INFORMATION_FORMAT = dwarf;
				ENABLE_STRICT_OBJC_MSGSEND = YES;
				ENABLE_TESTABILITY = YES;
				GCC_C_LANGUAGE_STANDARD = gnu11;
				GCC_DYNAMIC_NO_PIC = NO;
				GCC_NO_COMMON_BLOCKS = YES;
				GCC_OPTIMIZATION_LEVEL = 0;
				GCC_PREPROCESSOR_DEFINITIONS = (
					"DEBUG=1",
					"$(inherited)",
				);
				GCC_WARN_64_TO_32_BIT_CONVERSION = YES;
				GCC_WARN_ABOUT_RETURN_TYPE = YES_ERROR;
				GCC_WARN_UNDECLARED_SELECTOR = YES;
				GCC_WARN_UNINITIALIZED_AUTOS = YES_AGGRESSIVE;
				GCC_WARN_UNUSED_FUNCTION = YES;
				GCC_WARN_UNUSED_VARIABLE = YES;
				IPHONEOS_DEPLOYMENT_TARGET = 12.2;
				MTL_ENABLE_DEBUG_INFO = INCLUDE_SOURCE;
				MTL_FAST_MATH = YES;
				ONLY_ACTIVE_ARCH = YES;
				SDKROOT = iphoneos;
				SWIFT_ACTIVE_COMPILATION_CONDITIONS = DEBUG;
				SWIFT_OPTIMIZATION_LEVEL = "-Onone";
			};
			name = Debug;
		};
		6F59D39822E0EF1800BFBF88 /* Release */ = {
			isa = XCBuildConfiguration;
			buildSettings = {
				ALWAYS_SEARCH_USER_PATHS = NO;
				CLANG_ANALYZER_NONNULL = YES;
				CLANG_ANALYZER_NUMBER_OBJECT_CONVERSION = YES_AGGRESSIVE;
				CLANG_CXX_LANGUAGE_STANDARD = "gnu++14";
				CLANG_CXX_LIBRARY = "libc++";
				CLANG_ENABLE_MODULES = YES;
				CLANG_ENABLE_OBJC_ARC = YES;
				CLANG_ENABLE_OBJC_WEAK = YES;
				CLANG_WARN_BLOCK_CAPTURE_AUTORELEASING = YES;
				CLANG_WARN_BOOL_CONVERSION = YES;
				CLANG_WARN_COMMA = YES;
				CLANG_WARN_CONSTANT_CONVERSION = YES;
				CLANG_WARN_DEPRECATED_OBJC_IMPLEMENTATIONS = YES;
				CLANG_WARN_DIRECT_OBJC_ISA_USAGE = YES_ERROR;
				CLANG_WARN_DOCUMENTATION_COMMENTS = YES;
				CLANG_WARN_EMPTY_BODY = YES;
				CLANG_WARN_ENUM_CONVERSION = YES;
				CLANG_WARN_INFINITE_RECURSION = YES;
				CLANG_WARN_INT_CONVERSION = YES;
				CLANG_WARN_NON_LITERAL_NULL_CONVERSION = YES;
				CLANG_WARN_OBJC_IMPLICIT_RETAIN_SELF = YES;
				CLANG_WARN_OBJC_LITERAL_CONVERSION = YES;
				CLANG_WARN_OBJC_ROOT_CLASS = YES_ERROR;
				CLANG_WARN_RANGE_LOOP_ANALYSIS = YES;
				CLANG_WARN_STRICT_PROTOTYPES = YES;
				CLANG_WARN_SUSPICIOUS_MOVE = YES;
				CLANG_WARN_UNGUARDED_AVAILABILITY = YES_AGGRESSIVE;
				CLANG_WARN_UNREACHABLE_CODE = YES;
				CLANG_WARN__DUPLICATE_METHOD_MATCH = YES;
				CODE_SIGN_IDENTITY = "iPhone Developer";
				COPY_PHASE_STRIP = NO;
				DEBUG_INFORMATION_FORMAT = "dwarf-with-dsym";
				ENABLE_NS_ASSERTIONS = NO;
				ENABLE_STRICT_OBJC_MSGSEND = YES;
				GCC_C_LANGUAGE_STANDARD = gnu11;
				GCC_NO_COMMON_BLOCKS = YES;
				GCC_WARN_64_TO_32_BIT_CONVERSION = YES;
				GCC_WARN_ABOUT_RETURN_TYPE = YES_ERROR;
				GCC_WARN_UNDECLARED_SELECTOR = YES;
				GCC_WARN_UNINITIALIZED_AUTOS = YES_AGGRESSIVE;
				GCC_WARN_UNUSED_FUNCTION = YES;
				GCC_WARN_UNUSED_VARIABLE = YES;
				IPHONEOS_DEPLOYMENT_TARGET = 12.2;
				MTL_ENABLE_DEBUG_INFO = NO;
				MTL_FAST_MATH = YES;
				SDKROOT = iphoneos;
				SWIFT_COMPILATION_MODE = wholemodule;
				SWIFT_OPTIMIZATION_LEVEL = "-O";
				VALIDATE_PRODUCT = YES;
			};
			name = Release;
		};
		6F59D39A22E0EF1800BFBF88 /* Debug */ = {
			isa = XCBuildConfiguration;
			buildSettings = {
				ASSETCATALOG_COMPILER_APPICON_NAME = AppIcon;
				CODE_SIGN_STYLE = Automatic;
				DEVELOPMENT_TEAM = F8MY77QSLQ;
				INFOPLIST_FILE = PuzzleAppRedux/Info.plist;
				LD_RUNPATH_SEARCH_PATHS = (
					"$(inherited)",
					"@executable_path/Frameworks",
				);
				PRODUCT_BUNDLE_IDENTIFIER = com.msut.PuzzleAppRedux;
				PRODUCT_NAME = "$(TARGET_NAME)";
				SWIFT_VERSION = 5.0;
				TARGETED_DEVICE_FAMILY = "1,2";
			};
			name = Debug;
		};
		6F59D39B22E0EF1800BFBF88 /* Release */ = {
			isa = XCBuildConfiguration;
			buildSettings = {
				ASSETCATALOG_COMPILER_APPICON_NAME = AppIcon;
				CODE_SIGN_STYLE = Automatic;
				DEVELOPMENT_TEAM = F8MY77QSLQ;
				INFOPLIST_FILE = PuzzleAppRedux/Info.plist;
				LD_RUNPATH_SEARCH_PATHS = (
					"$(inherited)",
					"@executable_path/Frameworks",
				);
				PRODUCT_BUNDLE_IDENTIFIER = com.msut.PuzzleAppRedux;
				PRODUCT_NAME = "$(TARGET_NAME)";
				SWIFT_VERSION = 5.0;
				TARGETED_DEVICE_FAMILY = "1,2";
			};
			name = Release;
		};
		6F59D39D22E0EF1800BFBF88 /* Debug */ = {
			isa = XCBuildConfiguration;
			buildSettings = {
				ALWAYS_EMBED_SWIFT_STANDARD_LIBRARIES = YES;
				BUNDLE_LOADER = "$(TEST_HOST)";
				CODE_SIGN_STYLE = Automatic;
				DEVELOPMENT_TEAM = F8MY77QSLQ;
				INFOPLIST_FILE = PuzzleAppReduxTests/Info.plist;
				LD_RUNPATH_SEARCH_PATHS = (
					"$(inherited)",
					"@executable_path/Frameworks",
					"@loader_path/Frameworks",
				);
				PRODUCT_BUNDLE_IDENTIFIER = com.msut.PuzzleAppReduxTests;
				PRODUCT_NAME = "$(TARGET_NAME)";
				SWIFT_VERSION = 5.0;
				TARGETED_DEVICE_FAMILY = "1,2";
				TEST_HOST = "$(BUILT_PRODUCTS_DIR)/PuzzleAppRedux.app/PuzzleAppRedux";
			};
			name = Debug;
		};
		6F59D39E22E0EF1800BFBF88 /* Release */ = {
			isa = XCBuildConfiguration;
			buildSettings = {
				ALWAYS_EMBED_SWIFT_STANDARD_LIBRARIES = YES;
				BUNDLE_LOADER = "$(TEST_HOST)";
				CODE_SIGN_STYLE = Automatic;
				DEVELOPMENT_TEAM = F8MY77QSLQ;
				INFOPLIST_FILE = PuzzleAppReduxTests/Info.plist;
				LD_RUNPATH_SEARCH_PATHS = (
					"$(inherited)",
					"@executable_path/Frameworks",
					"@loader_path/Frameworks",
				);
				PRODUCT_BUNDLE_IDENTIFIER = com.msut.PuzzleAppReduxTests;
				PRODUCT_NAME = "$(TARGET_NAME)";
				SWIFT_VERSION = 5.0;
				TARGETED_DEVICE_FAMILY = "1,2";
				TEST_HOST = "$(BUILT_PRODUCTS_DIR)/PuzzleAppRedux.app/PuzzleAppRedux";
			};
			name = Release;
		};
		6F59D3A022E0EF1800BFBF88 /* Debug */ = {
			isa = XCBuildConfiguration;
			buildSettings = {
				ALWAYS_EMBED_SWIFT_STANDARD_LIBRARIES = YES;
				CODE_SIGN_STYLE = Automatic;
				DEVELOPMENT_TEAM = F8MY77QSLQ;
				INFOPLIST_FILE = PuzzleAppReduxUITests/Info.plist;
				LD_RUNPATH_SEARCH_PATHS = (
					"$(inherited)",
					"@executable_path/Frameworks",
					"@loader_path/Frameworks",
				);
				PRODUCT_BUNDLE_IDENTIFIER = com.msut.PuzzleAppReduxUITests;
				PRODUCT_NAME = "$(TARGET_NAME)";
				SWIFT_VERSION = 5.0;
				TARGETED_DEVICE_FAMILY = "1,2";
				TEST_TARGET_NAME = PuzzleAppRedux;
			};
			name = Debug;
		};
		6F59D3A122E0EF1800BFBF88 /* Release */ = {
			isa = XCBuildConfiguration;
			buildSettings = {
				ALWAYS_EMBED_SWIFT_STANDARD_LIBRARIES = YES;
				CODE_SIGN_STYLE = Automatic;
				DEVELOPMENT_TEAM = F8MY77QSLQ;
				INFOPLIST_FILE = PuzzleAppReduxUITests/Info.plist;
				LD_RUNPATH_SEARCH_PATHS = (
					"$(inherited)",
					"@executable_path/Frameworks",
					"@loader_path/Frameworks",
				);
				PRODUCT_BUNDLE_IDENTIFIER = com.msut.PuzzleAppReduxUITests;
				PRODUCT_NAME = "$(TARGET_NAME)";
				SWIFT_VERSION = 5.0;
				TARGETED_DEVICE_FAMILY = "1,2";
				TEST_TARGET_NAME = PuzzleAppRedux;
			};
			name = Release;
		};
/* End XCBuildConfiguration section */

/* Begin XCConfigurationList section */
		6F59D36C22E0EF1600BFBF88 /* Build configuration list for PBXProject "PuzzleAppRedux" */ = {
			isa = XCConfigurationList;
			buildConfigurations = (
				6F59D39722E0EF1800BFBF88 /* Debug */,
				6F59D39822E0EF1800BFBF88 /* Release */,
			);
			defaultConfigurationIsVisible = 0;
			defaultConfigurationName = Release;
		};
		6F59D39922E0EF1800BFBF88 /* Build configuration list for PBXNativeTarget "PuzzleAppRedux" */ = {
			isa = XCConfigurationList;
			buildConfigurations = (
				6F59D39A22E0EF1800BFBF88 /* Debug */,
				6F59D39B22E0EF1800BFBF88 /* Release */,
			);
			defaultConfigurationIsVisible = 0;
			defaultConfigurationName = Release;
		};
		6F59D39C22E0EF1800BFBF88 /* Build configuration list for PBXNativeTarget "PuzzleAppReduxTests" */ = {
			isa = XCConfigurationList;
			buildConfigurations = (
				6F59D39D22E0EF1800BFBF88 /* Debug */,
				6F59D39E22E0EF1800BFBF88 /* Release */,
			);
			defaultConfigurationIsVisible = 0;
			defaultConfigurationName = Release;
		};
		6F59D39F22E0EF1800BFBF88 /* Build configuration list for PBXNativeTarget "PuzzleAppReduxUITests" */ = {
			isa = XCConfigurationList;
			buildConfigurations = (
				6F59D3A022E0EF1800BFBF88 /* Debug */,
				6F59D3A122E0EF1800BFBF88 /* Release */,
			);
			defaultConfigurationIsVisible = 0;
			defaultConfigurationName = Release;
		};
/* End XCConfigurationList section */
	};
	rootObject = 6F59D36922E0EF1600BFBF88 /* Project object */;
}
